
Microsoft Visual Studio Solution File, Format Version 12.00
# Visual Studio 15
VisualStudioVersion = 15.0.27428.2002
MinimumVisualStudioVersion = 10.0.40219.1
Project("{FAE04EC0-301F-11D3-BF4B-00C04F79EFBC}") = "IdeaPortal.Web", "IdeaPortal.Web\IdeaPortal.Web.csproj", "{C26337A4-33AA-45C1-ADA0-9E6F6CD0CBED}"
EndProject
Project("{00D1A9C2-B5F0-4AF3-8072-F6C62B433612}") = "IdeaPortal.Database", "IdeaPortal.Database\IdeaPortal.Database.sqlproj", "{62EE21AA-FF00-44D3-ADD0-BB9ABD859ADA}"
EndProject
Global
	GlobalSection(SolutionConfigurationPlatforms) = preSolution
		Debug|Any CPU = Debug|Any CPU
		Release|Any CPU = Release|Any CPU
	EndGlobalSection
	GlobalSection(ProjectConfigurationPlatforms) = postSolution
		{C26337A4-33AA-45C1-ADA0-9E6F6CD0CBED}.Debug|Any CPU.ActiveCfg = Debug|Any CPU
		{C26337A4-33AA-45C1-ADA0-9E6F6CD0CBED}.Debug|Any CPU.Build.0 = Debug|Any CPU
		{C26337A4-33AA-45C1-ADA0-9E6F6CD0CBED}.Release|Any CPU.ActiveCfg = Release|Any CPU
		{C26337A4-33AA-45C1-ADA0-9E6F6CD0CBED}.Release|Any CPU.Build.0 = Release|Any CPU
		{62EE21AA-FF00-44D3-ADD0-BB9ABD859ADA}.Debug|Any CPU.ActiveCfg = Debug|Any CPU
		{62EE21AA-FF00-44D3-ADD0-BB9ABD859ADA}.Debug|Any CPU.Build.0 = Debug|Any CPU
		{62EE21AA-FF00-44D3-ADD0-BB9ABD859ADA}.Debug|Any CPU.Deploy.0 = Debug|Any CPU
		{62EE21AA-FF00-44D3-ADD0-BB9ABD859ADA}.Release|Any CPU.ActiveCfg = Release|Any CPU
		{62EE21AA-FF00-44D3-ADD0-BB9ABD859ADA}.Release|Any CPU.Build.0 = Release|Any CPU
		{62EE21AA-FF00-44D3-ADD0-BB9ABD859ADA}.Release|Any CPU.Deploy.0 = Release|Any CPU
	EndGlobalSection
	GlobalSection(SolutionProperties) = preSolution
		HideSolutionNode = FALSE
	EndGlobalSection
	GlobalSection(ExtensibilityGlobals) = postSolution
		SolutionGuid = {0128934F-AB7D-442E-A6B1-41FFA93B802A}
	EndGlobalSection
EndGlobal
